
Microsoft Visual Studio Solution File, Format Version 12.00
# Visual Studio Version 16
VisualStudioVersion = 16.0.29519.87
MinimumVisualStudioVersion = 10.0.40219.1
Project("{9A19103F-16F7-4668-BE54-9A1E7A4F7556}") = "BrowserSerial", "BrowserSerial.csproj", "{32D7016D-1628-44F1-9BA0-985A2FBD60F6}"
EndProject
Global
	GlobalSection(SolutionConfigurationPlatforms) = preSolution
		Debug|Any CPU = Debug|Any CPU
		Release|Any CPU = Release|Any CPU
	EndGlobalSection
	GlobalSection(ProjectConfigurationPlatforms) = postSolution
		{32D7016D-1628-44F1-9BA0-985A2FBD60F6}.Debug|Any CPU.ActiveCfg = Debug|Any CPU
		{32D7016D-1628-44F1-9BA0-985A2FBD60F6}.Debug|Any CPU.Build.0 = Debug|Any CPU
		{32D7016D-1628-44F1-9BA0-985A2FBD60F6}.Release|Any CPU.ActiveCfg = Release|Any CPU
		{32D7016D-1628-44F1-9BA0-985A2FBD60F6}.Release|Any CPU.Build.0 = Release|Any CPU
	EndGlobalSection
	GlobalSection(SolutionProperties) = preSolution
		HideSolutionNode = FALSE
	EndGlobalSection
	GlobalSection(ExtensibilityGlobals) = postSolution
		SolutionGuid = {4106911D-689C-40A6-8F4F-DF16455A537A}
	EndGlobalSection
EndGlobal
